
Microsoft Visual Studio Solution File, Format Version 12.00
Project("{FAE04EC0-301F-11D3-BF4B-00C04F79EFBC}") = "ShapeTests", "ShapeTests\ShapeTests.csproj", "{87BFEF8F-141A-4AAA-8E8B-D4F59742DB16}"
EndProject
Project("{FAE04EC0-301F-11D3-BF4B-00C04F79EFBC}") = "ShapeLib", "ShapeLib\ShapeLib.csproj", "{C443EA42-2CF3-44D3-9B98-3807C24FDBBB}"
EndProject
Global
	GlobalSection(SolutionConfigurationPlatforms) = preSolution
		Debug|Any CPU = Debug|Any CPU
		Release|Any CPU = Release|Any CPU
	EndGlobalSection
	GlobalSection(ProjectConfigurationPlatforms) = postSolution
		{87BFEF8F-141A-4AAA-8E8B-D4F59742DB16}.Debug|Any CPU.ActiveCfg = Debug|Any CPU
		{87BFEF8F-141A-4AAA-8E8B-D4F59742DB16}.Debug|Any CPU.Build.0 = Debug|Any CPU
		{87BFEF8F-141A-4AAA-8E8B-D4F59742DB16}.Release|Any CPU.ActiveCfg = Release|Any CPU
		{87BFEF8F-141A-4AAA-8E8B-D4F59742DB16}.Release|Any CPU.Build.0 = Release|Any CPU
		{C443EA42-2CF3-44D3-9B98-3807C24FDBBB}.Debug|Any CPU.ActiveCfg = Debug|Any CPU
		{C443EA42-2CF3-44D3-9B98-3807C24FDBBB}.Debug|Any CPU.Build.0 = Debug|Any CPU
		{C443EA42-2CF3-44D3-9B98-3807C24FDBBB}.Release|Any CPU.ActiveCfg = Release|Any CPU
		{C443EA42-2CF3-44D3-9B98-3807C24FDBBB}.Release|Any CPU.Build.0 = Release|Any CPU
	EndGlobalSection
EndGlobal
